
Microsoft Visual Studio Solution File, Format Version 12.00
# Visual Studio Version 16
VisualStudioVersion = 16.0.30104.148
MinimumVisualStudioVersion = 10.0.40219.1
Project("{FAE04EC0-301F-11D3-BF4B-00C04F79EFBC}") = "WindowsFormsApp_OpenCVSharp4_Test01", "WindowsFormsApp_OpenCVSharp4_Test01\WindowsFormsApp_OpenCVSharp4_Test01.csproj", "{AE435E36-8E15-4A8B-BEA9-F57DD31A9856}"
EndProject
Global
	GlobalSection(SolutionConfigurationPlatforms) = preSolution
		Debug|Any CPU = Debug|Any CPU
		Release|Any CPU = Release|Any CPU
	EndGlobalSection
	GlobalSection(ProjectConfigurationPlatforms) = postSolution
		{AE435E36-8E15-4A8B-BEA9-F57DD31A9856}.Debug|Any CPU.ActiveCfg = Debug|Any CPU
		{AE435E36-8E15-4A8B-BEA9-F57DD31A9856}.Debug|Any CPU.Build.0 = Debug|Any CPU
		{AE435E36-8E15-4A8B-BEA9-F57DD31A9856}.Release|Any CPU.ActiveCfg = Release|Any CPU
		{AE435E36-8E15-4A8B-BEA9-F57DD31A9856}.Release|Any CPU.Build.0 = Release|Any CPU
	EndGlobalSection
	GlobalSection(SolutionProperties) = preSolution
		HideSolutionNode = FALSE
	EndGlobalSection
	GlobalSection(ExtensibilityGlobals) = postSolution
		SolutionGuid = {8A42EF63-0955-4357-B24C-7A2353AF73CB}
	EndGlobalSection
EndGlobal
